// !$*UTF8*$!
{
	archiveVersion = 1;
	classes = {
	};
	objectVersion = 46;
	objects = {

/* Begin PBXBuildFile section */
		338877B41DE2E4C000657A1B /* AppDelegate.swift in Sources */ = {isa = PBXBuildFile; fileRef = 338877B31DE2E4C000657A1B /* AppDelegate.swift */; };
		338877B61DE2E4C000657A1B /* ViewController.swift in Sources */ = {isa = PBXBuildFile; fileRef = 338877B51DE2E4C000657A1B /* ViewController.swift */; };
		338877B91DE2E4C000657A1B /* Main.storyboard in Resources */ = {isa = PBXBuildFile; fileRef = 338877B71DE2E4C000657A1B /* Main.storyboard */; };
		338877BB1DE2E4C000657A1B /* Assets.xcassets in Resources */ = {isa = PBXBuildFile; fileRef = 338877BA1DE2E4C000657A1B /* Assets.xcassets */; };
		338877BE1DE2E4C000657A1B /* LaunchScreen.storyboard in Resources */ = {isa = PBXBuildFile; fileRef = 338877BC1DE2E4C000657A1B /* LaunchScreen.storyboard */; };
		338877C61DE2E4D700657A1B /* DrawingView.swift in Sources */ = {isa = PBXBuildFile; fileRef = 338877C51DE2E4D700657A1B /* DrawingView.swift */; };
/* End PBXBuildFile section */

/* Begin PBXFileReference section */
		338877B01DE2E4C000657A1B /* Drawing-swift.app */ = {isa = PBXFileReference; explicitFileType = wrapper.application; includeInIndex = 0; path = "Drawing-swift.app"; sourceTree = BUILT_PRODUCTS_DIR; };
		338877B31DE2E4C000657A1B /* AppDelegate.swift */ = {isa = PBXFileReference; lastKnownFileType = sourcecode.swift; path = AppDelegate.swift; sourceTree = "<group>"; };
		338877B51DE2E4C000657A1B /* ViewController.swift */ = {isa = PBXFileReference; lastKnownFileType = sourcecode.swift; path = ViewController.swift; sourceTree = "<group>"; };
		338877B81DE2E4C000657A1B /* Base */ = {isa = PBXFileReference; lastKnownFileType = file.storyboard; name = Base; path = Base.lproj/Main.storyboard; sourceTree = "<group>"; };
		338877BA1DE2E4C000657A1B /* Assets.xcassets */ = {isa = PBXFileReference; lastKnownFileType = folder.assetcatalog; path = Assets.xcassets; sourceTree = "<group>"; };
		338877BD1DE2E4C000657A1B /* Base */ = {isa = PBXFileReference; lastKnownFileType = file.storyboard; name = Base; path = Base.lproj/LaunchScreen.storyboard; sourceTree = "<group>"; };
		338877BF1DE2E4C000657A1B /* Info.plist */ = {isa = PBXFileReference; lastKnownFileType = text.plist.xml; path = Info.plist; sourceTree = "<group>"; };
		338877C51DE2E4D700657A1B /* DrawingView.swift */ = {isa = PBXFileReference; fileEncoding = 4; lastKnownFileType = sourcecode.swift; path = DrawingView.swift; sourceTree = "<group>"; };
/* End PBXFileReference section */

/* Begin PBXFrameworksBuildPhase section */
		338877AD1DE2E4C000657A1B /* Frameworks */ = {
			isa = PBXFrameworksBuildPhase;
			buildActionMask = 2147483647;
			files = (
			);
			runOnlyForDeploymentPostprocessing = 0;
		};
/* End PBXFrameworksBuildPhase section */

/* Begin PBXGroup section */
		338877A71DE2E4C000657A1B = {
			isa = PBXGroup;
			children = (
				338877B21DE2E4C000657A1B /* Drawing-swift */,
				338877B11DE2E4C000657A1B /* Products */,
			);
			sourceTree = "<group>";
		};
		338877B11DE2E4C000657A1B /* Products */ = {
			isa = PBXGroup;
			children = (
				338877B01DE2E4C000657A1B /* Drawing-swift.app */,
			);
			name = Products;
			sourceTree = "<group>";
		};
		338877B21DE2E4C000657A1B /* Drawing-swift */ = {
			isa = PBXGroup;
			children = (
				338877B31DE2E4C000657A1B /* AppDelegate.swift */,
				338877B51DE2E4C000657A1B /* ViewController.swift */,
				338877C51DE2E4D700657A1B /* DrawingView.swift */,
				338877B71DE2E4C000657A1B /* Main.storyboard */,
				338877BA1DE2E4C000657A1B /* Assets.xcassets */,
				338877BC1DE2E4C000657A1B /* LaunchScreen.storyboard */,
				338877BF1DE2E4C000657A1B /* Info.plist */,
			);
			path = "Drawing-swift";
			sourceTree = "<group>";
		};
/* End PBXGroup section */

/* Begin PBXNativeTarget section */
		338877AF1DE2E4C000657A1B /* Drawing-swift */ = {
			isa = PBXNativeTarget;
			buildConfigurationList = 338877C21DE2E4C000657A1B /* Build configuration list for PBXNativeTarget "Drawing-swift" */;
			buildPhases = (
				338877AC1DE2E4C000657A1B /* Sources */,
				338877AD1DE2E4C000657A1B /* Frameworks */,
				338877AE1DE2E4C000657A1B /* Resources */,
			);
			buildRules = (
			);
			dependencies = (
			);
			name = "Drawing-swift";
			productName = "Drawing-swift";
			productReference = 338877B01DE2E4C000657A1B /* Drawing-swift.app */;
			productType = "com.apple.product-type.application";
		};
/* End PBXNativeTarget section */

/* Begin PBXProject section */
		338877A81DE2E4C000657A1B /* Project object */ = {
			isa = PBXProject;
			attributes = {
				LastSwiftUpdateCheck = 0810;
				LastUpgradeCheck = 0810;
				ORGANIZATIONNAME = "Han Chen";
				TargetAttributes = {
					338877AF1DE2E4C000657A1B = {
						CreatedOnToolsVersion = 8.1;
						DevelopmentTeam = QL662FZ3MK;
						ProvisioningStyle = Automatic;
					};
				};
			};
			buildConfigurationList = 338877AB1DE2E4C000657A1B /* Build configuration list for PBXProject "Drawing-swift" */;
			compatibilityVersion = "Xcode 3.2";
			developmentRegion = English;
			hasScannedForEncodings = 0;
			knownRegions = (
				en,
				Base,
			);
			mainGroup = 338877A71DE2E4C000657A1B;
			productRefGroup = 338877B11DE2E4C000657A1B /* Products */;
			projectDirPath = "";
			projectRoot = "";
			targets = (
				338877AF1DE2E4C000657A1B /* Drawing-swift */,
			);
		};
/* End PBXProject section */

/* Begin PBXResourcesBuildPhase section */
		338877AE1DE2E4C000657A1B /* Resources */ = {
			isa = PBXResourcesBuildPhase;
			buildActionMask = 2147483647;
			files = (
				338877BE1DE2E4C000657A1B /* LaunchScreen.storyboard in Resources */,
				338877BB1DE2E4C000657A1B /* Assets.xcassets in Resources */,
				338877B91DE2E4C000657A1B /* Main.storyboard in Resources */,
			);
			runOnlyForDeploymentPostprocessing = 0;
		};
/* End PBXResourcesBuildPhase section */

/* Begin PBXSourcesBuildPhase section */
		338877AC1DE2E4C000657A1B /* Sources */ = {
			isa = PBXSourcesBuildPhase;
			buildActionMask = 2147483647;
			files = (
				338877C61DE2E4D700657A1B /* DrawingView.swift in Sources */,
				338877B61DE2E4C000657A1B /* ViewController.swift in Sources */,
				338877B41DE2E4C000657A1B /* AppDelegate.swift in Sources */,
			);
			runOnlyForDeploymentPostprocessing = 0;
		};
/* End PBXSourcesBuildPhase section */

/* Begin PBXVariantGroup section */
		338877B71DE2E4C000657A1B /* Main.storyboard */ = {
			isa = PBXVariantGroup;
			children = (
				338877B81DE2E4C000657A1B /* Base */,
			);
			name = Main.storyboard;
			sourceTree = "<group>";
		};
		338877BC1DE2E4C000657A1B /* LaunchScreen.storyboard */ = {
			isa = PBXVariantGroup;
			children = (
				338877BD1DE2E4C000657A1B /* Base */,
			);
			name = LaunchScreen.storyboard;
			sourceTree = "<group>";
		};
/* End PBXVariantGroup section */

/* Begin XCBuildConfiguration section */
		338877C01DE2E4C000657A1B /* Debug */ = {
			isa = XCBuildConfiguration;
			buildSettings = {
				ALWAYS_SEARCH_USER_PATHS = NO;
				CLANG_ANALYZER_NONNULL = YES;
				CLANG_CXX_LANGUAGE_STANDARD = "gnu++0x";
				CLANG_CXX_LIBRARY = "libc++";
				CLANG_ENABLE_MODULES = YES;
				CLANG_ENABLE_OBJC_ARC = YES;
				CLANG_WARN_BOOL_CONVERSION = YES;
				CLANG_WARN_CONSTANT_CONVERSION = YES;
				CLANG_WARN_DIRECT_OBJC_ISA_USAGE = YES_ERROR;
				CLANG_WARN_DOCUMENTATION_COMMENTS = YES;
				CLANG_WARN_EMPTY_BODY = YES;
				CLANG_WARN_ENUM_CONVERSION = YES;
				CLANG_WARN_INFINITE_RECURSION = YES;
				CLANG_WARN_INT_CONVERSION = YES;
				CLANG_WARN_OBJC_ROOT_CLASS = YES_ERROR;
				CLANG_WARN_SUSPICIOUS_MOVES = YES;
				CLANG_WARN_UNREACHABLE_CODE = YES;
				CLANG_WARN__DUPLICATE_METHOD_MATCH = YES;
				"CODE_SIGN_IDENTITY[sdk=iphoneos*]" = "iPhone Developer";
				COPY_PHASE_STRIP = NO;
				DEBUG_INFORMATION_FORMAT = dwarf;
				ENABLE_STRICT_OBJC_MSGSEND = YES;
				ENABLE_TESTABILITY = YES;
				GCC_C_LANGUAGE_STANDARD = gnu99;
				GCC_DYNAMIC_NO_PIC = NO;
				GCC_NO_COMMON_BLOCKS = YES;
				GCC_OPTIMIZATION_LEVEL = 0;
				GCC_PREPROCESSOR_DEFINITIONS = (
					"DEBUG=1",
					"$(inherited)",
				);
				GCC_WARN_64_TO_32_BIT_CONVERSION = YES;
				GCC_WARN_ABOUT_RETURN_TYPE = YES_ERROR;
				GCC_WARN_UNDECLARED_SELECTOR = YES;
				GCC_WARN_UNINITIALIZED_AUTOS = YES_AGGRESSIVE;
				GCC_WARN_UNUSED_FUNCTION = YES;
				GCC_WARN_UNUSED_VARIABLE = YES;
				IPHONEOS_DEPLOYMENT_TARGET = 10.1;
				MTL_ENABLE_DEBUG_INFO = YES;
				ONLY_ACTIVE_ARCH = YES;
				SDKROOT = iphoneos;
				SWIFT_ACTIVE_COMPILATION_CONDITIONS = DEBUG;
				SWIFT_OPTIMIZATION_LEVEL = "-Onone";
				TARGETED_DEVICE_FAMILY = "1,2";
			};
			name = Debug;
		};
		338877C11DE2E4C000657A1B /* Release */ = {
			isa = XCBuildConfiguration;
			buildSettings = {
				ALWAYS_SEARCH_USER_PATHS = NO;
				CLANG_ANALYZER_NONNULL = YES;
				CLANG_CXX_LANGUAGE_STANDARD = "gnu++0x";
				CLANG_CXX_LIBRARY = "libc++";
				CLANG_ENABLE_MODULES = YES;
				CLANG_ENABLE_OBJC_ARC = YES;
				CLANG_WARN_BOOL_CONVERSION = YES;
				CLANG_WARN_CONSTANT_CONVERSION = YES;
				CLANG_WARN_DIRECT_OBJC_ISA_USAGE = YES_ERROR;
				CLANG_WARN_DOCUMENTATION_COMMENTS = YES;
				CLANG_WARN_EMPTY_BODY = YES;
				CLANG_WARN_ENUM_CONVERSION = YES;
				CLANG_WARN_INFINITE_RECURSION = YES;
				CLANG_WARN_INT_CONVERSION = YES;
				CLANG_WARN_OBJC_ROOT_CLASS = YES_ERROR;
				CLANG_WARN_SUSPICIOUS_MOVES = YES;
				CLANG_WARN_UNREACHABLE_CODE = YES;
				CLANG_WARN__DUPLICATE_METHOD_MATCH = YES;
				"CODE_SIGN_IDENTITY[sdk=iphoneos*]" = "iPhone Developer";
				COPY_PHASE_STRIP = NO;
				DEBUG_INFORMATION_FORMAT = "dwarf-with-dsym";
				ENABLE_NS_ASSERTIONS = NO;
				ENABLE_STRICT_OBJC_MSGSEND = YES;
				GCC_C_LANGUAGE_STANDARD = gnu99;
				GCC_NO_COMMON_BLOCKS = YES;
				GCC_WARN_64_TO_32_BIT_CONVERSION = YES;
				GCC_WARN_ABOUT_RETURN_TYPE = YES_ERROR;
				GCC_WARN_UNDECLARED_SELECTOR = YES;
				GCC_WARN_UNINITIALIZED_AUTOS = YES_AGGRESSIVE;
				GCC_WARN_UNUSED_FUNCTION = YES;
				GCC_WARN_UNUSED_VARIABLE = YES;
				IPHONEOS_DEPLOYMENT_TARGET = 10.1;
				MTL_ENABLE_DEBUG_INFO = NO;
				SDKROOT = iphoneos;
				SWIFT_OPTIMIZATION_LEVEL = "-Owholemodule";
				TARGETED_DEVICE_FAMILY = "1,2";
				VALIDATE_PRODUCT = YES;
			};
			name = Release;
		};
		338877C31DE2E4C000657A1B /* Debug */ = {
			isa = XCBuildConfiguration;
			buildSettings = {
				ASSETCATALOG_COMPILER_APPICON_NAME = AppIcon;
				DEVELOPMENT_TEAM = QL662FZ3MK;
				INFOPLIST_FILE = "Drawing-swift/Info.plist";
				LD_RUNPATH_SEARCH_PATHS = "$(inherited) @executable_path/Frameworks";
				PRODUCT_BUNDLE_IDENTIFIER = "com.cshan.Drawing-swift";
				PRODUCT_NAME = "$(TARGET_NAME)";
				SWIFT_VERSION = 3.0;
			};
			name = Debug;
		};
		338877C41DE2E4C000657A1B /* Release */ = {
			isa = XCBuildConfiguration;
			buildSettings = {
				ASSETCATALOG_COMPILER_APPICON_NAME = AppIcon;
				DEVELOPMENT_TEAM = QL662FZ3MK;
				INFOPLIST_FILE = "Drawing-swift/Info.plist";
				LD_RUNPATH_SEARCH_PATHS = "$(inherited) @executable_path/Frameworks";
				PRODUCT_BUNDLE_IDENTIFIER = "com.cshan.Drawing-swift";
				PRODUCT_NAME = "$(TARGET_NAME)";
				SWIFT_VERSION = 3.0;
			};
			name = Release;
		};
/* End XCBuildConfiguration section */

/* Begin XCConfigurationList section */
		338877AB1DE2E4C000657A1B /* Build configuration list for PBXProject "Drawing-swift" */ = {
			isa = XCConfigurationList;
			buildConfigurations = (
				338877C01DE2E4C000657A1B /* Debug */,
				338877C11DE2E4C000657A1B /* Release */,
			);
			defaultConfigurationIsVisible = 0;
			defaultConfigurationName = Release;
		};
		338877C21DE2E4C000657A1B /* Build configuration list for PBXNativeTarget "Drawing-swift" */ = {
			isa = XCConfigurationList;
			buildConfigurations = (
				338877C31DE2E4C000657A1B /* Debug */,
				338877C41DE2E4C000657A1B /* Release */,
			);
			defaultConfigurationIsVisible = 0;
			defaultConfigurationName = Release;
		};
/* End XCConfigurationList section */
	};
	rootObject = 338877A81DE2E4C000657A1B /* Project object */;
}
